
Microsoft Visual Studio Solution File, Format Version 12.00
# Visual Studio Version 16
VisualStudioVersion = 25.0.1700.0
MinimumVisualStudioVersion = 10.0.40219.1
Project("{F2A71F9B-5D33-465A-A702-920D77279786}") = "AdventOfCode2021", "AdventOfCode2021\AdventOfCode2021.fsproj", "{328BF6FC-14C4-4717-88D0-75C1071E0E9E}"
EndProject
Global
	GlobalSection(SolutionConfigurationPlatforms) = preSolution
		Debug|Any CPU = Debug|Any CPU
		Release|Any CPU = Release|Any CPU
	EndGlobalSection
	GlobalSection(ProjectConfigurationPlatforms) = postSolution
		{328BF6FC-14C4-4717-88D0-75C1071E0E9E}.Debug|Any CPU.ActiveCfg = Debug|Any CPU
		{328BF6FC-14C4-4717-88D0-75C1071E0E9E}.Debug|Any CPU.Build.0 = Debug|Any CPU
		{328BF6FC-14C4-4717-88D0-75C1071E0E9E}.Release|Any CPU.ActiveCfg = Release|Any CPU
		{328BF6FC-14C4-4717-88D0-75C1071E0E9E}.Release|Any CPU.Build.0 = Release|Any CPU
	EndGlobalSection
	GlobalSection(SolutionProperties) = preSolution
		HideSolutionNode = FALSE
	EndGlobalSection
	GlobalSection(ExtensibilityGlobals) = postSolution
		SolutionGuid = {83A6AEA8-A364-476F-A5E4-90F0527B3C40}
	EndGlobalSection
EndGlobal
